// !$*UTF8*$!
{
	archiveVersion = 1;
	classes = {
	};
	objectVersion = 50;
	objects = {

/* Begin PBXBuildFile section */
		342628E2FA5C87B1BE29066E /* Pods_Class03bUITests.framework in Frameworks */ = {isa = PBXBuildFile; fileRef = 1E4CD506B875771E03197045 /* Pods_Class03bUITests.framework */; };
		DE270CEC4C051710008237F2 /* Pods_Class03bTests.framework in Frameworks */ = {isa = PBXBuildFile; fileRef = 1FFC7F292F0330FE0F07A325 /* Pods_Class03bTests.framework */; };
		E408CF48229B8913008F54EB /* FileWorker.swift in Sources */ = {isa = PBXBuildFile; fileRef = E408CF47229B8913008F54EB /* FileWorker.swift */; };
		E408CF84229B94B7008F54EB /* ServiceCategoryContext.swift in Sources */ = {isa = PBXBuildFile; fileRef = E408CF83229B94B7008F54EB /* ServiceCategoryContext.swift */; };
		E435E0C822891F8E007A9F03 /* WebKit.framework in Frameworks */ = {isa = PBXBuildFile; fileRef = E435E0C722891F8E007A9F03 /* WebKit.framework */; };
		E496583E229254FF002BF08F /* AsyncRequestWorker.swift in Sources */ = {isa = PBXBuildFile; fileRef = E496583D229254FF002BF08F /* AsyncRequestWorker.swift */; };
		E496C52722B742D7001E3580 /* DetailViewController.swift in Sources */ = {isa = PBXBuildFile; fileRef = E496C52622B742D7001E3580 /* DetailViewController.swift */; };
		E496C52922B76DB1001E3580 /* ProductListViewController.swift in Sources */ = {isa = PBXBuildFile; fileRef = E496C52822B76DB1001E3580 /* ProductListViewController.swift */; };
		E496C52B22B772C4001E3580 /* MyTableViewCell.swift in Sources */ = {isa = PBXBuildFile; fileRef = E496C52A22B772C4001E3580 /* MyTableViewCell.swift */; };
		E4B2ED72226D5F0100D8EC2F /* AppDelegate.swift in Sources */ = {isa = PBXBuildFile; fileRef = E4B2ED71226D5F0100D8EC2F /* AppDelegate.swift */; };
		E4B2ED74226D5F0100D8EC2F /* ViewController.swift in Sources */ = {isa = PBXBuildFile; fileRef = E4B2ED73226D5F0100D8EC2F /* ViewController.swift */; };
		E4B2ED77226D5F0100D8EC2F /* Main.storyboard in Resources */ = {isa = PBXBuildFile; fileRef = E4B2ED75226D5F0100D8EC2F /* Main.storyboard */; };
		E4B2ED79226D5F0300D8EC2F /* Assets.xcassets in Resources */ = {isa = PBXBuildFile; fileRef = E4B2ED78226D5F0300D8EC2F /* Assets.xcassets */; };
		E4B2ED7C226D5F0300D8EC2F /* LaunchScreen.storyboard in Resources */ = {isa = PBXBuildFile; fileRef = E4B2ED7A226D5F0300D8EC2F /* LaunchScreen.storyboard */; };
		E4B2ED87226D5F0300D8EC2F /* Class03bTests.swift in Sources */ = {isa = PBXBuildFile; fileRef = E4B2ED86226D5F0300D8EC2F /* Class03bTests.swift */; };
		E4B2ED92226D5F0300D8EC2F /* Class03bUITests.swift in Sources */ = {isa = PBXBuildFile; fileRef = E4B2ED91226D5F0300D8EC2F /* Class03bUITests.swift */; };
		E4E3EDBE22A4ABC600668025 /* ServiceCategory.swift in Sources */ = {isa = PBXBuildFile; fileRef = E4E3EDBD22A4ABC600668025 /* ServiceCategory.swift */; };
		E4E3EDC022A4ACA500668025 /* Store.swift in Sources */ = {isa = PBXBuildFile; fileRef = E4E3EDBF22A4ACA500668025 /* Store.swift */; };
		E4E3EDC222A4BA8500668025 /* ImageViewController.swift in Sources */ = {isa = PBXBuildFile; fileRef = E4E3EDC122A4BA8500668025 /* ImageViewController.swift */; };
		E4E3EDC622A4CDD800668025 /* MyMapViewController.swift in Sources */ = {isa = PBXBuildFile; fileRef = E4E3EDC522A4CDD800668025 /* MyMapViewController.swift */; };
		E4FDFAC3227FDFAF005F7D83 /* MyWebViewController.swift in Sources */ = {isa = PBXBuildFile; fileRef = E4FDFAC2227FDFAF005F7D83 /* MyWebViewController.swift */; };
		F40A8518950784F77E908F93 /* Pods_Class03b.framework in Frameworks */ = {isa = PBXBuildFile; fileRef = 8A397AC6C4C97A86E677A7CC /* Pods_Class03b.framework */; };
/* End PBXBuildFile section */

/* Begin PBXContainerItemProxy section */
		E4B2ED83226D5F0300D8EC2F /* PBXContainerItemProxy */ = {
			isa = PBXContainerItemProxy;
			containerPortal = E4B2ED66226D5F0100D8EC2F /* Project object */;
			proxyType = 1;
			remoteGlobalIDString = E4B2ED6D226D5F0100D8EC2F;
			remoteInfo = Class03b;
		};
		E4B2ED8E226D5F0300D8EC2F /* PBXContainerItemProxy */ = {
			isa = PBXContainerItemProxy;
			containerPortal = E4B2ED66226D5F0100D8EC2F /* Project object */;
			proxyType = 1;
			remoteGlobalIDString = E4B2ED6D226D5F0100D8EC2F;
			remoteInfo = Class03b;
		};
/* End PBXContainerItemProxy section */

/* Begin PBXFileReference section */
		1E4CD506B875771E03197045 /* Pods_Class03bUITests.framework */ = {isa = PBXFileReference; explicitFileType = wrapper.framework; includeInIndex = 0; path = Pods_Class03bUITests.framework; sourceTree = BUILT_PRODUCTS_DIR; };
		1FFC7F292F0330FE0F07A325 /* Pods_Class03bTests.framework */ = {isa = PBXFileReference; explicitFileType = wrapper.framework; includeInIndex = 0; path = Pods_Class03bTests.framework; sourceTree = BUILT_PRODUCTS_DIR; };
		43710ED7B4FAF7837A876ACF /* Pods-Class03bTests.debug.xcconfig */ = {isa = PBXFileReference; includeInIndex = 1; lastKnownFileType = text.xcconfig; name = "Pods-Class03bTests.debug.xcconfig"; path = "Target Support Files/Pods-Class03bTests/Pods-Class03bTests.debug.xcconfig"; sourceTree = "<group>"; };
		5359B77683F907579189AA55 /* Pods-Class03b.debug.xcconfig */ = {isa = PBXFileReference; includeInIndex = 1; lastKnownFileType = text.xcconfig; name = "Pods-Class03b.debug.xcconfig"; path = "Target Support Files/Pods-Class03b/Pods-Class03b.debug.xcconfig"; sourceTree = "<group>"; };
		730C4A6D5739554B468E91D9 /* Pods-Class03b.release.xcconfig */ = {isa = PBXFileReference; includeInIndex = 1; lastKnownFileType = text.xcconfig; name = "Pods-Class03b.release.xcconfig"; path = "Target Support Files/Pods-Class03b/Pods-Class03b.release.xcconfig"; sourceTree = "<group>"; };
		8A397AC6C4C97A86E677A7CC /* Pods_Class03b.framework */ = {isa = PBXFileReference; explicitFileType = wrapper.framework; includeInIndex = 0; path = Pods_Class03b.framework; sourceTree = BUILT_PRODUCTS_DIR; };
		B78680F2C65A00B3E4ECFBD7 /* Pods-Class03bTests.release.xcconfig */ = {isa = PBXFileReference; includeInIndex = 1; lastKnownFileType = text.xcconfig; name = "Pods-Class03bTests.release.xcconfig"; path = "Target Support Files/Pods-Class03bTests/Pods-Class03bTests.release.xcconfig"; sourceTree = "<group>"; };
		D435DBA67ED4E461456BB2F4 /* Pods-Class03bUITests.debug.xcconfig */ = {isa = PBXFileReference; includeInIndex = 1; lastKnownFileType = text.xcconfig; name = "Pods-Class03bUITests.debug.xcconfig"; path = "Target Support Files/Pods-Class03bUITests/Pods-Class03bUITests.debug.xcconfig"; sourceTree = "<group>"; };
		E408CF47229B8913008F54EB /* FileWorker.swift */ = {isa = PBXFileReference; lastKnownFileType = sourcecode.swift; path = FileWorker.swift; sourceTree = "<group>"; };
		E408CF83229B94B7008F54EB /* ServiceCategoryContext.swift */ = {isa = PBXFileReference; lastKnownFileType = sourcecode.swift; path = ServiceCategoryContext.swift; sourceTree = "<group>"; };
		E435E0C722891F8E007A9F03 /* WebKit.framework */ = {isa = PBXFileReference; lastKnownFileType = wrapper.framework; name = WebKit.framework; path = System/Library/Frameworks/WebKit.framework; sourceTree = SDKROOT; };
		E496583D229254FF002BF08F /* AsyncRequestWorker.swift */ = {isa = PBXFileReference; lastKnownFileType = sourcecode.swift; path = AsyncRequestWorker.swift; sourceTree = "<group>"; };
		E496C52622B742D7001E3580 /* DetailViewController.swift */ = {isa = PBXFileReference; lastKnownFileType = sourcecode.swift; path = DetailViewController.swift; sourceTree = "<group>"; };
		E496C52822B76DB1001E3580 /* ProductListViewController.swift */ = {isa = PBXFileReference; lastKnownFileType = sourcecode.swift; path = ProductListViewController.swift; sourceTree = "<group>"; };
		E496C52A22B772C4001E3580 /* MyTableViewCell.swift */ = {isa = PBXFileReference; lastKnownFileType = sourcecode.swift; path = MyTableViewCell.swift; sourceTree = "<group>"; };
		E4B2ED6E226D5F0100D8EC2F /* Class03b.app */ = {isa = PBXFileReference; explicitFileType = wrapper.application; includeInIndex = 0; path = Class03b.app; sourceTree = BUILT_PRODUCTS_DIR; };
		E4B2ED71226D5F0100D8EC2F /* AppDelegate.swift */ = {isa = PBXFileReference; lastKnownFileType = sourcecode.swift; path = AppDelegate.swift; sourceTree = "<group>"; };
		E4B2ED73226D5F0100D8EC2F /* ViewController.swift */ = {isa = PBXFileReference; lastKnownFileType = sourcecode.swift; path = ViewController.swift; sourceTree = "<group>"; };
		E4B2ED76226D5F0100D8EC2F /* Base */ = {isa = PBXFileReference; lastKnownFileType = file.storyboard; name = Base; path = Base.lproj/Main.storyboard; sourceTree = "<group>"; };
		E4B2ED78226D5F0300D8EC2F /* Assets.xcassets */ = {isa = PBXFileReference; lastKnownFileType = folder.assetcatalog; path = Assets.xcassets; sourceTree = "<group>"; };
		E4B2ED7B226D5F0300D8EC2F /* Base */ = {isa = PBXFileReference; lastKnownFileType = file.storyboard; name = Base; path = Base.lproj/LaunchScreen.storyboard; sourceTree = "<group>"; };
		E4B2ED7D226D5F0300D8EC2F /* Info.plist */ = {isa = PBXFileReference; lastKnownFileType = text.plist.xml; path = Info.plist; sourceTree = "<group>"; };
		E4B2ED82226D5F0300D8EC2F /* Class03bTests.xctest */ = {isa = PBXFileReference; explicitFileType = wrapper.cfbundle; includeInIndex = 0; path = Class03bTests.xctest; sourceTree = BUILT_PRODUCTS_DIR; };
		E4B2ED86226D5F0300D8EC2F /* Class03bTests.swift */ = {isa = PBXFileReference; lastKnownFileType = sourcecode.swift; path = Class03bTests.swift; sourceTree = "<group>"; };
		E4B2ED88226D5F0300D8EC2F /* Info.plist */ = {isa = PBXFileReference; lastKnownFileType = text.plist.xml; path = Info.plist; sourceTree = "<group>"; };
		E4B2ED8D226D5F0300D8EC2F /* Class03bUITests.xctest */ = {isa = PBXFileReference; explicitFileType = wrapper.cfbundle; includeInIndex = 0; path = Class03bUITests.xctest; sourceTree = BUILT_PRODUCTS_DIR; };
		E4B2ED91226D5F0300D8EC2F /* Class03bUITests.swift */ = {isa = PBXFileReference; lastKnownFileType = sourcecode.swift; path = Class03bUITests.swift; sourceTree = "<group>"; };
		E4B2ED93226D5F0300D8EC2F /* Info.plist */ = {isa = PBXFileReference; lastKnownFileType = text.plist.xml; path = Info.plist; sourceTree = "<group>"; };
		E4E3EDBD22A4ABC600668025 /* ServiceCategory.swift */ = {isa = PBXFileReference; lastKnownFileType = sourcecode.swift; path = ServiceCategory.swift; sourceTree = "<group>"; };
		E4E3EDBF22A4ACA500668025 /* Store.swift */ = {isa = PBXFileReference; lastKnownFileType = sourcecode.swift; path = Store.swift; sourceTree = "<group>"; };
		E4E3EDC122A4BA8500668025 /* ImageViewController.swift */ = {isa = PBXFileReference; lastKnownFileType = sourcecode.swift; path = ImageViewController.swift; sourceTree = "<group>"; };
		E4E3EDC522A4CDD800668025 /* MyMapViewController.swift */ = {isa = PBXFileReference; lastKnownFileType = sourcecode.swift; path = MyMapViewController.swift; sourceTree = "<group>"; };
		E4FDFAC2227FDFAF005F7D83 /* MyWebViewController.swift */ = {isa = PBXFileReference; lastKnownFileType = sourcecode.swift; path = MyWebViewController.swift; sourceTree = "<group>"; };
		FCD430AFE2FC4CB233886734 /* Pods-Class03bUITests.release.xcconfig */ = {isa = PBXFileReference; includeInIndex = 1; lastKnownFileType = text.xcconfig; name = "Pods-Class03bUITests.release.xcconfig"; path = "Target Support Files/Pods-Class03bUITests/Pods-Class03bUITests.release.xcconfig"; sourceTree = "<group>"; };
/* End PBXFileReference section */

/* Begin PBXFrameworksBuildPhase section */
		E4B2ED6B226D5F0100D8EC2F /* Frameworks */ = {
			isa = PBXFrameworksBuildPhase;
			buildActionMask = 2147483647;
			files = (
				E435E0C822891F8E007A9F03 /* WebKit.framework in Frameworks */,
				F40A8518950784F77E908F93 /* Pods_Class03b.framework in Frameworks */,
			);
			runOnlyForDeploymentPostprocessing = 0;
		};
		E4B2ED7F226D5F0300D8EC2F /* Frameworks */ = {
			isa = PBXFrameworksBuildPhase;
			buildActionMask = 2147483647;
			files = (
				DE270CEC4C051710008237F2 /* Pods_Class03bTests.framework in Frameworks */,
			);
			runOnlyForDeploymentPostprocessing = 0;
		};
		E4B2ED8A226D5F0300D8EC2F /* Frameworks */ = {
			isa = PBXFrameworksBuildPhase;
			buildActionMask = 2147483647;
			files = (
				342628E2FA5C87B1BE29066E /* Pods_Class03bUITests.framework in Frameworks */,
			);
			runOnlyForDeploymentPostprocessing = 0;
		};
/* End PBXFrameworksBuildPhase section */

/* Begin PBXGroup section */
		B79CCAC3350113EDEEA8552E /* Pods */ = {
			isa = PBXGroup;
			children = (
				5359B77683F907579189AA55 /* Pods-Class03b.debug.xcconfig */,
				730C4A6D5739554B468E91D9 /* Pods-Class03b.release.xcconfig */,
				43710ED7B4FAF7837A876ACF /* Pods-Class03bTests.debug.xcconfig */,
				B78680F2C65A00B3E4ECFBD7 /* Pods-Class03bTests.release.xcconfig */,
				D435DBA67ED4E461456BB2F4 /* Pods-Class03bUITests.debug.xcconfig */,
				FCD430AFE2FC4CB233886734 /* Pods-Class03bUITests.release.xcconfig */,
			);
			path = Pods;
			sourceTree = "<group>";
		};
		E435E0C622891F8E007A9F03 /* Frameworks */ = {
			isa = PBXGroup;
			children = (
				E435E0C722891F8E007A9F03 /* WebKit.framework */,
				8A397AC6C4C97A86E677A7CC /* Pods_Class03b.framework */,
				1FFC7F292F0330FE0F07A325 /* Pods_Class03bTests.framework */,
				1E4CD506B875771E03197045 /* Pods_Class03bUITests.framework */,
			);
			name = Frameworks;
			sourceTree = "<group>";
		};
		E4B2ED65226D5F0100D8EC2F = {
			isa = PBXGroup;
			children = (
				E4B2ED70226D5F0100D8EC2F /* Class03b */,
				E4B2ED85226D5F0300D8EC2F /* Class03bTests */,
				E4B2ED90226D5F0300D8EC2F /* Class03bUITests */,
				E4B2ED6F226D5F0100D8EC2F /* Products */,
				E435E0C622891F8E007A9F03 /* Frameworks */,
				B79CCAC3350113EDEEA8552E /* Pods */,
			);
			sourceTree = "<group>";
		};
		E4B2ED6F226D5F0100D8EC2F /* Products */ = {
			isa = PBXGroup;
			children = (
				E4B2ED6E226D5F0100D8EC2F /* Class03b.app */,
				E4B2ED82226D5F0300D8EC2F /* Class03bTests.xctest */,
				E4B2ED8D226D5F0300D8EC2F /* Class03bUITests.xctest */,
			);
			name = Products;
			sourceTree = "<group>";
		};
		E4B2ED70226D5F0100D8EC2F /* Class03b */ = {
			isa = PBXGroup;
			children = (
				E4B2ED71226D5F0100D8EC2F /* AppDelegate.swift */,
				E4B2ED73226D5F0100D8EC2F /* ViewController.swift */,
				E4B2ED75226D5F0100D8EC2F /* Main.storyboard */,
				E4B2ED78226D5F0300D8EC2F /* Assets.xcassets */,
				E4B2ED7A226D5F0300D8EC2F /* LaunchScreen.storyboard */,
				E4B2ED7D226D5F0300D8EC2F /* Info.plist */,
				E4FDFAC2227FDFAF005F7D83 /* MyWebViewController.swift */,
				E496583D229254FF002BF08F /* AsyncRequestWorker.swift */,
				E408CF47229B8913008F54EB /* FileWorker.swift */,
				E408CF83229B94B7008F54EB /* ServiceCategoryContext.swift */,
				E4E3EDBD22A4ABC600668025 /* ServiceCategory.swift */,
				E4E3EDBF22A4ACA500668025 /* Store.swift */,
				E4E3EDC122A4BA8500668025 /* ImageViewController.swift */,
				E4E3EDC522A4CDD800668025 /* MyMapViewController.swift */,
				E496C52622B742D7001E3580 /* DetailViewController.swift */,
				E496C52822B76DB1001E3580 /* ProductListViewController.swift */,
				E496C52A22B772C4001E3580 /* MyTableViewCell.swift */,
			);
			path = Class03b;
			sourceTree = "<group>";
		};
		E4B2ED85226D5F0300D8EC2F /* Class03bTests */ = {
			isa = PBXGroup;
			children = (
				E4B2ED86226D5F0300D8EC2F /* Class03bTests.swift */,
				E4B2ED88226D5F0300D8EC2F /* Info.plist */,
			);
			path = Class03bTests;
			sourceTree = "<group>";
		};
		E4B2ED90226D5F0300D8EC2F /* Class03bUITests */ = {
			isa = PBXGroup;
			children = (
				E4B2ED91226D5F0300D8EC2F /* Class03bUITests.swift */,
				E4B2ED93226D5F0300D8EC2F /* Info.plist */,
			);
			path = Class03bUITests;
			sourceTree = "<group>";
		};
/* End PBXGroup section */

/* Begin PBXNativeTarget section */
		E4B2ED6D226D5F0100D8EC2F /* Class03b */ = {
			isa = PBXNativeTarget;
			buildConfigurationList = E4B2ED96226D5F0300D8EC2F /* Build configuration list for PBXNativeTarget "Class03b" */;
			buildPhases = (
				298CDC39254D5DA513433DEB /* [CP] Check Pods Manifest.lock */,
				E4B2ED6A226D5F0100D8EC2F /* Sources */,
				E4B2ED6B226D5F0100D8EC2F /* Frameworks */,
				E4B2ED6C226D5F0100D8EC2F /* Resources */,
				A7F0D43DDC05317FA2DD6CA2 /* [CP] Embed Pods Frameworks */,
			);
			buildRules = (
			);
			dependencies = (
			);
			name = Class03b;
			productName = Class03b;
			productReference = E4B2ED6E226D5F0100D8EC2F /* Class03b.app */;
			productType = "com.apple.product-type.application";
		};
		E4B2ED81226D5F0300D8EC2F /* Class03bTests */ = {
			isa = PBXNativeTarget;
			buildConfigurationList = E4B2ED99226D5F0300D8EC2F /* Build configuration list for PBXNativeTarget "Class03bTests" */;
			buildPhases = (
				249C642D3FCEF6CE6E5A6AAC /* [CP] Check Pods Manifest.lock */,
				E4B2ED7E226D5F0300D8EC2F /* Sources */,
				E4B2ED7F226D5F0300D8EC2F /* Frameworks */,
				E4B2ED80226D5F0300D8EC2F /* Resources */,
			);
			buildRules = (
			);
			dependencies = (
				E4B2ED84226D5F0300D8EC2F /* PBXTargetDependency */,
			);
			name = Class03bTests;
			productName = Class03bTests;
			productReference = E4B2ED82226D5F0300D8EC2F /* Class03bTests.xctest */;
			productType = "com.apple.product-type.bundle.unit-test";
		};
		E4B2ED8C226D5F0300D8EC2F /* Class03bUITests */ = {
			isa = PBXNativeTarget;
			buildConfigurationList = E4B2ED9C226D5F0300D8EC2F /* Build configuration list for PBXNativeTarget "Class03bUITests" */;
			buildPhases = (
				3AFEA2B14F7A0314267FBA52 /* [CP] Check Pods Manifest.lock */,
				E4B2ED89226D5F0300D8EC2F /* Sources */,
				E4B2ED8A226D5F0300D8EC2F /* Frameworks */,
				E4B2ED8B226D5F0300D8EC2F /* Resources */,
			);
			buildRules = (
			);
			dependencies = (
				E4B2ED8F226D5F0300D8EC2F /* PBXTargetDependency */,
			);
			name = Class03bUITests;
			productName = Class03bUITests;
			productReference = E4B2ED8D226D5F0300D8EC2F /* Class03bUITests.xctest */;
			productType = "com.apple.product-type.bundle.ui-testing";
		};
/* End PBXNativeTarget section */

/* Begin PBXProject section */
		E4B2ED66226D5F0100D8EC2F /* Project object */ = {
			isa = PBXProject;
			attributes = {
				LastSwiftUpdateCheck = 1020;
				LastUpgradeCheck = 1020;
				ORGANIZATIONNAME = sophie;
				TargetAttributes = {
					E4B2ED6D226D5F0100D8EC2F = {
						CreatedOnToolsVersion = 10.2;
					};
					E4B2ED81226D5F0300D8EC2F = {
						CreatedOnToolsVersion = 10.2;
						TestTargetID = E4B2ED6D226D5F0100D8EC2F;
					};
					E4B2ED8C226D5F0300D8EC2F = {
						CreatedOnToolsVersion = 10.2;
						TestTargetID = E4B2ED6D226D5F0100D8EC2F;
					};
				};
			};
			buildConfigurationList = E4B2ED69226D5F0100D8EC2F /* Build configuration list for PBXProject "Class03b" */;
			compatibilityVersion = "Xcode 9.3";
			developmentRegion = en;
			hasScannedForEncodings = 0;
			knownRegions = (
				en,
				Base,
			);
			mainGroup = E4B2ED65226D5F0100D8EC2F;
			productRefGroup = E4B2ED6F226D5F0100D8EC2F /* Products */;
			projectDirPath = "";
			projectRoot = "";
			targets = (
				E4B2ED6D226D5F0100D8EC2F /* Class03b */,
				E4B2ED81226D5F0300D8EC2F /* Class03bTests */,
				E4B2ED8C226D5F0300D8EC2F /* Class03bUITests */,
			);
		};
/* End PBXProject section */

/* Begin PBXResourcesBuildPhase section */
		E4B2ED6C226D5F0100D8EC2F /* Resources */ = {
			isa = PBXResourcesBuildPhase;
			buildActionMask = 2147483647;
			files = (
				E4B2ED7C226D5F0300D8EC2F /* LaunchScreen.storyboard in Resources */,
				E4B2ED79226D5F0300D8EC2F /* Assets.xcassets in Resources */,
				E4B2ED77226D5F0100D8EC2F /* Main.storyboard in Resources */,
			);
			runOnlyForDeploymentPostprocessing = 0;
		};
		E4B2ED80226D5F0300D8EC2F /* Resources */ = {
			isa = PBXResourcesBuildPhase;
			buildActionMask = 2147483647;
			files = (
			);
			runOnlyForDeploymentPostprocessing = 0;
		};
		E4B2ED8B226D5F0300D8EC2F /* Resources */ = {
			isa = PBXResourcesBuildPhase;
			buildActionMask = 2147483647;
			files = (
			);
			runOnlyForDeploymentPostprocessing = 0;
		};
/* End PBXResourcesBuildPhase section */

/* Begin PBXShellScriptBuildPhase section */
		249C642D3FCEF6CE6E5A6AAC /* [CP] Check Pods Manifest.lock */ = {
			isa = PBXShellScriptBuildPhase;
			buildActionMask = 2147483647;
			files = (
			);
			inputFileListPaths = (
			);
			inputPaths = (
				"${PODS_PODFILE_DIR_PATH}/Podfile.lock",
				"${PODS_ROOT}/Manifest.lock",
			);
			name = "[CP] Check Pods Manifest.lock";
			outputFileListPaths = (
			);
			outputPaths = (
				"$(DERIVED_FILE_DIR)/Pods-Class03bTests-checkManifestLockResult.txt",
			);
			runOnlyForDeploymentPostprocessing = 0;
			shellPath = /bin/sh;
			shellScript = "diff \"${PODS_PODFILE_DIR_PATH}/Podfile.lock\" \"${PODS_ROOT}/Manifest.lock\" > /dev/null\nif [ $? != 0 ] ; then\n    # print error to STDERR\n    echo \"error: The sandbox is not in sync with the Podfile.lock. Run 'pod install' or update your CocoaPods installation.\" >&2\n    exit 1\nfi\n# This output is used by Xcode 'outputs' to avoid re-running this script phase.\necho \"SUCCESS\" > \"${SCRIPT_OUTPUT_FILE_0}\"\n";
			showEnvVarsInLog = 0;
		};
		298CDC39254D5DA513433DEB /* [CP] Check Pods Manifest.lock */ = {
			isa = PBXShellScriptBuildPhase;
			buildActionMask = 2147483647;
			files = (
			);
			inputFileListPaths = (
			);
			inputPaths = (
				"${PODS_PODFILE_DIR_PATH}/Podfile.lock",
				"${PODS_ROOT}/Manifest.lock",
			);
			name = "[CP] Check Pods Manifest.lock";
			outputFileListPaths = (
			);
			outputPaths = (
				"$(DERIVED_FILE_DIR)/Pods-Class03b-checkManifestLockResult.txt",
			);
			runOnlyForDeploymentPostprocessing = 0;
			shellPath = /bin/sh;
			shellScript = "diff \"${PODS_PODFILE_DIR_PATH}/Podfile.lock\" \"${PODS_ROOT}/Manifest.lock\" > /dev/null\nif [ $? != 0 ] ; then\n    # print error to STDERR\n    echo \"error: The sandbox is not in sync with the Podfile.lock. Run 'pod install' or update your CocoaPods installation.\" >&2\n    exit 1\nfi\n# This output is used by Xcode 'outputs' to avoid re-running this script phase.\necho \"SUCCESS\" > \"${SCRIPT_OUTPUT_FILE_0}\"\n";
			showEnvVarsInLog = 0;
		};
		3AFEA2B14F7A0314267FBA52 /* [CP] Check Pods Manifest.lock */ = {
			isa = PBXShellScriptBuildPhase;
			buildActionMask = 2147483647;
			files = (
			);
			inputFileListPaths = (
			);
			inputPaths = (
				"${PODS_PODFILE_DIR_PATH}/Podfile.lock",
				"${PODS_ROOT}/Manifest.lock",
			);
			name = "[CP] Check Pods Manifest.lock";
			outputFileListPaths = (
			);
			outputPaths = (
				"$(DERIVED_FILE_DIR)/Pods-Class03bUITests-checkManifestLockResult.txt",
			);
			runOnlyForDeploymentPostprocessing = 0;
			shellPath = /bin/sh;
			shellScript = "diff \"${PODS_PODFILE_DIR_PATH}/Podfile.lock\" \"${PODS_ROOT}/Manifest.lock\" > /dev/null\nif [ $? != 0 ] ; then\n    # print error to STDERR\n    echo \"error: The sandbox is not in sync with the Podfile.lock. Run 'pod install' or update your CocoaPods installation.\" >&2\n    exit 1\nfi\n# This output is used by Xcode 'outputs' to avoid re-running this script phase.\necho \"SUCCESS\" > \"${SCRIPT_OUTPUT_FILE_0}\"\n";
			showEnvVarsInLog = 0;
		};
		A7F0D43DDC05317FA2DD6CA2 /* [CP] Embed Pods Frameworks */ = {
			isa = PBXShellScriptBuildPhase;
			buildActionMask = 2147483647;
			files = (
			);
			inputFileListPaths = (
			);
			inputPaths = (
				"${PODS_ROOT}/Target Support Files/Pods-Class03b/Pods-Class03b-frameworks.sh",
				"${BUILT_PRODUCTS_DIR}/SQLite.swift/SQLite.framework",
				"${BUILT_PRODUCTS_DIR}/SwiftyJSON/SwiftyJSON.framework",
			);
			name = "[CP] Embed Pods Frameworks";
			outputFileListPaths = (
			);
			outputPaths = (
				"${TARGET_BUILD_DIR}/${FRAMEWORKS_FOLDER_PATH}/SQLite.framework",
				"${TARGET_BUILD_DIR}/${FRAMEWORKS_FOLDER_PATH}/SwiftyJSON.framework",
			);
			runOnlyForDeploymentPostprocessing = 0;
			shellPath = /bin/sh;
			shellScript = "\"${PODS_ROOT}/Target Support Files/Pods-Class03b/Pods-Class03b-frameworks.sh\"\n";
			showEnvVarsInLog = 0;
		};
/* End PBXShellScriptBuildPhase section */

/* Begin PBXSourcesBuildPhase section */
		E4B2ED6A226D5F0100D8EC2F /* Sources */ = {
			isa = PBXSourcesBuildPhase;
			buildActionMask = 2147483647;
			files = (
				E496C52722B742D7001E3580 /* DetailViewController.swift in Sources */,
				E496C52922B76DB1001E3580 /* ProductListViewController.swift in Sources */,
				E4E3EDBE22A4ABC600668025 /* ServiceCategory.swift in Sources */,
				E4E3EDC222A4BA8500668025 /* ImageViewController.swift in Sources */,
				E496583E229254FF002BF08F /* AsyncRequestWorker.swift in Sources */,
				E4E3EDC622A4CDD800668025 /* MyMapViewController.swift in Sources */,
				E496C52B22B772C4001E3580 /* MyTableViewCell.swift in Sources */,
				E408CF84229B94B7008F54EB /* ServiceCategoryContext.swift in Sources */,
				E4E3EDC022A4ACA500668025 /* Store.swift in Sources */,
				E4B2ED74226D5F0100D8EC2F /* ViewController.swift in Sources */,
				E4FDFAC3227FDFAF005F7D83 /* MyWebViewController.swift in Sources */,
				E408CF48229B8913008F54EB /* FileWorker.swift in Sources */,
				E4B2ED72226D5F0100D8EC2F /* AppDelegate.swift in Sources */,
			);
			runOnlyForDeploymentPostprocessing = 0;
		};
		E4B2ED7E226D5F0300D8EC2F /* Sources */ = {
			isa = PBXSourcesBuildPhase;
			buildActionMask = 2147483647;
			files = (
				E4B2ED87226D5F0300D8EC2F /* Class03bTests.swift in Sources */,
			);
			runOnlyForDeploymentPostprocessing = 0;
		};
		E4B2ED89226D5F0300D8EC2F /* Sources */ = {
			isa = PBXSourcesBuildPhase;
			buildActionMask = 2147483647;
			files = (
				E4B2ED92226D5F0300D8EC2F /* Class03bUITests.swift in Sources */,
			);
			runOnlyForDeploymentPostprocessing = 0;
		};
/* End PBXSourcesBuildPhase section */

/* Begin PBXTargetDependency section */
		E4B2ED84226D5F0300D8EC2F /* PBXTargetDependency */ = {
			isa = PBXTargetDependency;
			target = E4B2ED6D226D5F0100D8EC2F /* Class03b */;
			targetProxy = E4B2ED83226D5F0300D8EC2F /* PBXContainerItemProxy */;
		};
		E4B2ED8F226D5F0300D8EC2F /* PBXTargetDependency */ = {
			isa = PBXTargetDependency;
			target = E4B2ED6D226D5F0100D8EC2F /* Class03b */;
			targetProxy = E4B2ED8E226D5F0300D8EC2F /* PBXContainerItemProxy */;
		};
/* End PBXTargetDependency section */

/* Begin PBXVariantGroup section */
		E4B2ED75226D5F0100D8EC2F /* Main.storyboard */ = {
			isa = PBXVariantGroup;
			children = (
				E4B2ED76226D5F0100D8EC2F /* Base */,
			);
			name = Main.storyboard;
			sourceTree = "<group>";
		};
		E4B2ED7A226D5F0300D8EC2F /* LaunchScreen.storyboard */ = {
			isa = PBXVariantGroup;
			children = (
				E4B2ED7B226D5F0300D8EC2F /* Base */,
			);
			name = LaunchScreen.storyboard;
			sourceTree = "<group>";
		};
/* End PBXVariantGroup section */

/* Begin XCBuildConfiguration section */
		E4B2ED94226D5F0300D8EC2F /* Debug */ = {
			isa = XCBuildConfiguration;
			buildSettings = {
				ALWAYS_SEARCH_USER_PATHS = NO;
				CLANG_ANALYZER_NONNULL = YES;
				CLANG_ANALYZER_NUMBER_OBJECT_CONVERSION = YES_AGGRESSIVE;
				CLANG_CXX_LANGUAGE_STANDARD = "gnu++14";
				CLANG_CXX_LIBRARY = "libc++";
				CLANG_ENABLE_MODULES = YES;
				CLANG_ENABLE_OBJC_ARC = YES;
				CLANG_ENABLE_OBJC_WEAK = YES;
				CLANG_WARN_BLOCK_CAPTURE_AUTORELEASING = YES;
				CLANG_WARN_BOOL_CONVERSION = YES;
				CLANG_WARN_COMMA = YES;
				CLANG_WARN_CONSTANT_CONVERSION = YES;
				CLANG_WARN_DEPRECATED_OBJC_IMPLEMENTATIONS = YES;
				CLANG_WARN_DIRECT_OBJC_ISA_USAGE = YES_ERROR;
				CLANG_WARN_DOCUMENTATION_COMMENTS = YES;
				CLANG_WARN_EMPTY_BODY = YES;
				CLANG_WARN_ENUM_CONVERSION = YES;
				CLANG_WARN_INFINITE_RECURSION = YES;
				CLANG_WARN_INT_CONVERSION = YES;
				CLANG_WARN_NON_LITERAL_NULL_CONVERSION = YES;
				CLANG_WARN_OBJC_IMPLICIT_RETAIN_SELF = YES;
				CLANG_WARN_OBJC_LITERAL_CONVERSION = YES;
				CLANG_WARN_OBJC_ROOT_CLASS = YES_ERROR;
				CLANG_WARN_RANGE_LOOP_ANALYSIS = YES;
				CLANG_WARN_STRICT_PROTOTYPES = YES;
				CLANG_WARN_SUSPICIOUS_MOVE = YES;
				CLANG_WARN_UNGUARDED_AVAILABILITY = YES_AGGRESSIVE;
				CLANG_WARN_UNREACHABLE_CODE = YES;
				CLANG_WARN__DUPLICATE_METHOD_MATCH = YES;
				CODE_SIGN_IDENTITY = "iPhone Developer";
				COPY_PHASE_STRIP = NO;
				DEBUG_INFORMATION_FORMAT = dwarf;
				ENABLE_STRICT_OBJC_MSGSEND = YES;
				ENABLE_TESTABILITY = YES;
				GCC_C_LANGUAGE_STANDARD = gnu11;
				GCC_DYNAMIC_NO_PIC = NO;
				GCC_NO_COMMON_BLOCKS = YES;
				GCC_OPTIMIZATION_LEVEL = 0;
				GCC_PREPROCESSOR_DEFINITIONS = (
					"DEBUG=1",
					"$(inherited)",
				);
				GCC_WARN_64_TO_32_BIT_CONVERSION = YES;
				GCC_WARN_ABOUT_RETURN_TYPE = YES_ERROR;
				GCC_WARN_UNDECLARED_SELECTOR = YES;
				GCC_WARN_UNINITIALIZED_AUTOS = YES_AGGRESSIVE;
				GCC_WARN_UNUSED_FUNCTION = YES;
				GCC_WARN_UNUSED_VARIABLE = YES;
				IPHONEOS_DEPLOYMENT_TARGET = 12.2;
				MTL_ENABLE_DEBUG_INFO = INCLUDE_SOURCE;
				MTL_FAST_MATH = YES;
				ONLY_ACTIVE_ARCH = YES;
				SDKROOT = iphoneos;
				SWIFT_ACTIVE_COMPILATION_CONDITIONS = DEBUG;
				SWIFT_OPTIMIZATION_LEVEL = "-Onone";
			};
			name = Debug;
		};
		E4B2ED95226D5F0300D8EC2F /* Release */ = {
			isa = XCBuildConfiguration;
			buildSettings = {
				ALWAYS_SEARCH_USER_PATHS = NO;
				CLANG_ANALYZER_NONNULL = YES;
				CLANG_ANALYZER_NUMBER_OBJECT_CONVERSION = YES_AGGRESSIVE;
				CLANG_CXX_LANGUAGE_STANDARD = "gnu++14";
				CLANG_CXX_LIBRARY = "libc++";
				CLANG_ENABLE_MODULES = YES;
				CLANG_ENABLE_OBJC_ARC = YES;
				CLANG_ENABLE_OBJC_WEAK = YES;
				CLANG_WARN_BLOCK_CAPTURE_AUTORELEASING = YES;
				CLANG_WARN_BOOL_CONVERSION = YES;
				CLANG_WARN_COMMA = YES;
				CLANG_WARN_CONSTANT_CONVERSION = YES;
				CLANG_WARN_DEPRECATED_OBJC_IMPLEMENTATIONS = YES;
				CLANG_WARN_DIRECT_OBJC_ISA_USAGE = YES_ERROR;
				CLANG_WARN_DOCUMENTATION_COMMENTS = YES;
				CLANG_WARN_EMPTY_BODY = YES;
				CLANG_WARN_ENUM_CONVERSION = YES;
				CLANG_WARN_INFINITE_RECURSION = YES;
				CLANG_WARN_INT_CONVERSION = YES;
				CLANG_WARN_NON_LITERAL_NULL_CONVERSION = YES;
				CLANG_WARN_OBJC_IMPLICIT_RETAIN_SELF = YES;
				CLANG_WARN_OBJC_LITERAL_CONVERSION = YES;
				CLANG_WARN_OBJC_ROOT_CLASS = YES_ERROR;
				CLANG_WARN_RANGE_LOOP_ANALYSIS = YES;
				CLANG_WARN_STRICT_PROTOTYPES = YES;
				CLANG_WARN_SUSPICIOUS_MOVE = YES;
				CLANG_WARN_UNGUARDED_AVAILABILITY = YES_AGGRESSIVE;
				CLANG_WARN_UNREACHABLE_CODE = YES;
				CLANG_WARN__DUPLICATE_METHOD_MATCH = YES;
				CODE_SIGN_IDENTITY = "iPhone Developer";
				COPY_PHASE_STRIP = NO;
				DEBUG_INFORMATION_FORMAT = "dwarf-with-dsym";
				ENABLE_NS_ASSERTIONS = NO;
				ENABLE_STRICT_OBJC_MSGSEND = YES;
				GCC_C_LANGUAGE_STANDARD = gnu11;
				GCC_NO_COMMON_BLOCKS = YES;
				GCC_WARN_64_TO_32_BIT_CONVERSION = YES;
				GCC_WARN_ABOUT_RETURN_TYPE = YES_ERROR;
				GCC_WARN_UNDECLARED_SELECTOR = YES;
				GCC_WARN_UNINITIALIZED_AUTOS = YES_AGGRESSIVE;
				GCC_WARN_UNUSED_FUNCTION = YES;
				GCC_WARN_UNUSED_VARIABLE = YES;
				IPHONEOS_DEPLOYMENT_TARGET = 12.2;
				MTL_ENABLE_DEBUG_INFO = NO;
				MTL_FAST_MATH = YES;
				SDKROOT = iphoneos;
				SWIFT_COMPILATION_MODE = wholemodule;
				SWIFT_OPTIMIZATION_LEVEL = "-O";
				VALIDATE_PRODUCT = YES;
			};
			name = Release;
		};
		E4B2ED97226D5F0300D8EC2F /* Debug */ = {
			isa = XCBuildConfiguration;
			baseConfigurationReference = 5359B77683F907579189AA55 /* Pods-Class03b.debug.xcconfig */;
			buildSettings = {
				ASSETCATALOG_COMPILER_APPICON_NAME = AppIcon;
				CODE_SIGN_STYLE = Automatic;
				INFOPLIST_FILE = Class03b/Info.plist;
				LD_RUNPATH_SEARCH_PATHS = (
					"$(inherited)",
					"@executable_path/Frameworks",
				);
				PRODUCT_BUNDLE_IDENTIFIER = edu.cjcu.Class03b;
				PRODUCT_NAME = "$(TARGET_NAME)";
				SWIFT_VERSION = 5.0;
				TARGETED_DEVICE_FAMILY = "1,2";
			};
			name = Debug;
		};
		E4B2ED98226D5F0300D8EC2F /* Release */ = {
			isa = XCBuildConfiguration;
			baseConfigurationReference = 730C4A6D5739554B468E91D9 /* Pods-Class03b.release.xcconfig */;
			buildSettings = {
				ASSETCATALOG_COMPILER_APPICON_NAME = AppIcon;
				CODE_SIGN_STYLE = Automatic;
				INFOPLIST_FILE = Class03b/Info.plist;
				LD_RUNPATH_SEARCH_PATHS = (
					"$(inherited)",
					"@executable_path/Frameworks",
				);
				PRODUCT_BUNDLE_IDENTIFIER = edu.cjcu.Class03b;
				PRODUCT_NAME = "$(TARGET_NAME)";
				SWIFT_VERSION = 5.0;
				TARGETED_DEVICE_FAMILY = "1,2";
			};
			name = Release;
		};
		E4B2ED9A226D5F0300D8EC2F /* Debug */ = {
			isa = XCBuildConfiguration;
			baseConfigurationReference = 43710ED7B4FAF7837A876ACF /* Pods-Class03bTests.debug.xcconfig */;
			buildSettings = {
				ALWAYS_EMBED_SWIFT_STANDARD_LIBRARIES = YES;
				BUNDLE_LOADER = "$(TEST_HOST)";
				CODE_SIGN_STYLE = Automatic;
				INFOPLIST_FILE = Class03bTests/Info.plist;
				LD_RUNPATH_SEARCH_PATHS = (
					"$(inherited)",
					"@executable_path/Frameworks",
					"@loader_path/Frameworks",
				);
				PRODUCT_BUNDLE_IDENTIFIER = edu.cjcu.Class03bTests;
				PRODUCT_NAME = "$(TARGET_NAME)";
				SWIFT_VERSION = 5.0;
				TARGETED_DEVICE_FAMILY = "1,2";
				TEST_HOST = "$(BUILT_PRODUCTS_DIR)/Class03b.app/Class03b";
			};
			name = Debug;
		};
		E4B2ED9B226D5F0300D8EC2F /* Release */ = {
			isa = XCBuildConfiguration;
			baseConfigurationReference = B78680F2C65A00B3E4ECFBD7 /* Pods-Class03bTests.release.xcconfig */;
			buildSettings = {
				ALWAYS_EMBED_SWIFT_STANDARD_LIBRARIES = YES;
				BUNDLE_LOADER = "$(TEST_HOST)";
				CODE_SIGN_STYLE = Automatic;
				INFOPLIST_FILE = Class03bTests/Info.plist;
				LD_RUNPATH_SEARCH_PATHS = (
					"$(inherited)",
					"@executable_path/Frameworks",
					"@loader_path/Frameworks",
				);
				PRODUCT_BUNDLE_IDENTIFIER = edu.cjcu.Class03bTests;
				PRODUCT_NAME = "$(TARGET_NAME)";
				SWIFT_VERSION = 5.0;
				TARGETED_DEVICE_FAMILY = "1,2";
				TEST_HOST = "$(BUILT_PRODUCTS_DIR)/Class03b.app/Class03b";
			};
			name = Release;
		};
		E4B2ED9D226D5F0300D8EC2F /* Debug */ = {
			isa = XCBuildConfiguration;
			baseConfigurationReference = D435DBA67ED4E461456BB2F4 /* Pods-Class03bUITests.debug.xcconfig */;
			buildSettings = {
				ALWAYS_EMBED_SWIFT_STANDARD_LIBRARIES = YES;
				CODE_SIGN_STYLE = Automatic;
				INFOPLIST_FILE = Class03bUITests/Info.plist;
				LD_RUNPATH_SEARCH_PATHS = (
					"$(inherited)",
					"@executable_path/Frameworks",
					"@loader_path/Frameworks",
				);
				PRODUCT_BUNDLE_IDENTIFIER = edu.cjcu.Class03bUITests;
				PRODUCT_NAME = "$(TARGET_NAME)";
				SWIFT_VERSION = 5.0;
				TARGETED_DEVICE_FAMILY = "1,2";
				TEST_TARGET_NAME = Class03b;
			};
			name = Debug;
		};
		E4B2ED9E226D5F0300D8EC2F /* Release */ = {
			isa = XCBuildConfiguration;
			baseConfigurationReference = FCD430AFE2FC4CB233886734 /* Pods-Class03bUITests.release.xcconfig */;
			buildSettings = {
				ALWAYS_EMBED_SWIFT_STANDARD_LIBRARIES = YES;
				CODE_SIGN_STYLE = Automatic;
				INFOPLIST_FILE = Class03bUITests/Info.plist;
				LD_RUNPATH_SEARCH_PATHS = (
					"$(inherited)",
					"@executable_path/Frameworks",
					"@loader_path/Frameworks",
				);
				PRODUCT_BUNDLE_IDENTIFIER = edu.cjcu.Class03bUITests;
				PRODUCT_NAME = "$(TARGET_NAME)";
				SWIFT_VERSION = 5.0;
				TARGETED_DEVICE_FAMILY = "1,2";
				TEST_TARGET_NAME = Class03b;
			};
			name = Release;
		};
/* End XCBuildConfiguration section */

/* Begin XCConfigurationList section */
		E4B2ED69226D5F0100D8EC2F /* Build configuration list for PBXProject "Class03b" */ = {
			isa = XCConfigurationList;
			buildConfigurations = (
				E4B2ED94226D5F0300D8EC2F /* Debug */,
				E4B2ED95226D5F0300D8EC2F /* Release */,
			);
			defaultConfigurationIsVisible = 0;
			defaultConfigurationName = Release;
		};
		E4B2ED96226D5F0300D8EC2F /* Build configuration list for PBXNativeTarget "Class03b" */ = {
			isa = XCConfigurationList;
			buildConfigurations = (
				E4B2ED97226D5F0300D8EC2F /* Debug */,
				E4B2ED98226D5F0300D8EC2F /* Release */,
			);
			defaultConfigurationIsVisible = 0;
			defaultConfigurationName = Release;
		};
		E4B2ED99226D5F0300D8EC2F /* Build configuration list for PBXNativeTarget "Class03bTests" */ = {
			isa = XCConfigurationList;
			buildConfigurations = (
				E4B2ED9A226D5F0300D8EC2F /* Debug */,
				E4B2ED9B226D5F0300D8EC2F /* Release */,
			);
			defaultConfigurationIsVisible = 0;
			defaultConfigurationName = Release;
		};
		E4B2ED9C226D5F0300D8EC2F /* Build configuration list for PBXNativeTarget "Class03bUITests" */ = {
			isa = XCConfigurationList;
			buildConfigurations = (
				E4B2ED9D226D5F0300D8EC2F /* Debug */,
				E4B2ED9E226D5F0300D8EC2F /* Release */,
			);
			defaultConfigurationIsVisible = 0;
			defaultConfigurationName = Release;
		};
/* End XCConfigurationList section */
	};
	rootObject = E4B2ED66226D5F0100D8EC2F /* Project object */;
}
